// !$*UTF8*$!
{
	archiveVersion = 1;
	classes = {
	};
	objectVersion = 77;
	objects = {

/* Begin PBXBuildFile section */
		3F65E71B2D021F23007BDEEA /* Preview Assets.xcassets in Resources */ = {isa = PBXBuildFile; fileRef = 3F65E7152D021F23007BDEEA /* Preview Assets.xcassets */; };
		3F65E71C2D021F23007BDEEA /* Assets.xcassets in Resources */ = {isa = PBXBuildFile; fileRef = 3F65E7172D021F23007BDEEA /* Assets.xcassets */; };
		3F65E71D2D021F23007BDEEA /* ContentView.swift in Sources */ = {isa = PBXBuildFile; fileRef = 3F65E7182D021F23007BDEEA /* ContentView.swift */; };
		3F65E71E2D021F23007BDEEA /* TravelScheduleApp.swift in Sources */ = {isa = PBXBuildFile; fileRef = 3F65E7192D021F23007BDEEA /* TravelScheduleApp.swift */; };
		3F65E7282D0353CC007BDEEA /* OpenAPIRuntime in Frameworks */ = {isa = PBXBuildFile; productRef = 3F65E7272D0353CC007BDEEA /* OpenAPIRuntime */; };
		3F65E72B2D0353DA007BDEEA /* OpenAPIURLSession in Frameworks */ = {isa = PBXBuildFile; productRef = 3F65E72A2D0353DA007BDEEA /* OpenAPIURLSession */; };
		3F65E7302D035470007BDEEA /* openapi-generator-config.yaml in Resources */ = {isa = PBXBuildFile; fileRef = 3F65E72F2D035470007BDEEA /* openapi-generator-config.yaml */; };
		3F65E7332D0354A7007BDEEA /* NearestStationsService.swift in Sources */ = {isa = PBXBuildFile; fileRef = 3F65E7322D0354A7007BDEEA /* NearestStationsService.swift */; };
		3F65E7372D04BFAA007BDEEA /* RoutesWithDestinationService.swift in Sources */ = {isa = PBXBuildFile; fileRef = 3F65E7362D04BFAA007BDEEA /* RoutesWithDestinationService.swift */; };
		3F65E75A2D04DB7D007BDEEA /* RoutesFromService.swift in Sources */ = {isa = PBXBuildFile; fileRef = 3F65E7592D04DB7D007BDEEA /* RoutesFromService.swift */; };
		3F65E76B2D058630007BDEEA /* ThreadStationsService.swift in Sources */ = {isa = PBXBuildFile; fileRef = 3F65E76A2D058630007BDEEA /* ThreadStationsService.swift */; };
		3F65E77B2D05C290007BDEEA /* NearestSettlementService.swift in Sources */ = {isa = PBXBuildFile; fileRef = 3F65E77A2D05C290007BDEEA /* NearestSettlementService.swift */; };
		3F65E77D2D05C5F3007BDEEA /* openapi.yaml in Resources */ = {isa = PBXBuildFile; fileRef = 3F65E77C2D05C5F3007BDEEA /* openapi.yaml */; };
/* End PBXBuildFile section */

/* Begin PBXFileReference section */
		3F65E7042D021F13007BDEEA /* TravelSchedule.app */ = {isa = PBXFileReference; explicitFileType = wrapper.application; includeInIndex = 0; path = TravelSchedule.app; sourceTree = BUILT_PRODUCTS_DIR; };
		3F65E7152D021F23007BDEEA /* Preview Assets.xcassets */ = {isa = PBXFileReference; lastKnownFileType = folder.assetcatalog; path = "Preview Assets.xcassets"; sourceTree = "<group>"; };
		3F65E7172D021F23007BDEEA /* Assets.xcassets */ = {isa = PBXFileReference; lastKnownFileType = folder.assetcatalog; path = Assets.xcassets; sourceTree = "<group>"; };
		3F65E7182D021F23007BDEEA /* ContentView.swift */ = {isa = PBXFileReference; lastKnownFileType = sourcecode.swift; path = ContentView.swift; sourceTree = "<group>"; };
		3F65E7192D021F23007BDEEA /* TravelScheduleApp.swift */ = {isa = PBXFileReference; lastKnownFileType = sourcecode.swift; path = TravelScheduleApp.swift; sourceTree = "<group>"; };
		3F65E72F2D035470007BDEEA /* openapi-generator-config.yaml */ = {isa = PBXFileReference; lastKnownFileType = text.yaml; path = "openapi-generator-config.yaml"; sourceTree = "<group>"; };
		3F65E7322D0354A7007BDEEA /* NearestStationsService.swift */ = {isa = PBXFileReference; lastKnownFileType = sourcecode.swift; path = NearestStationsService.swift; sourceTree = "<group>"; };
		3F65E7362D04BFAA007BDEEA /* RoutesWithDestinationService.swift */ = {isa = PBXFileReference; lastKnownFileType = sourcecode.swift; path = RoutesWithDestinationService.swift; sourceTree = "<group>"; };
		3F65E7592D04DB7D007BDEEA /* RoutesFromService.swift */ = {isa = PBXFileReference; lastKnownFileType = sourcecode.swift; path = RoutesFromService.swift; sourceTree = "<group>"; };
		3F65E76A2D058630007BDEEA /* ThreadStationsService.swift */ = {isa = PBXFileReference; lastKnownFileType = sourcecode.swift; path = ThreadStationsService.swift; sourceTree = "<group>"; };
		3F65E77A2D05C290007BDEEA /* NearestSettlementService.swift */ = {isa = PBXFileReference; lastKnownFileType = sourcecode.swift; path = NearestSettlementService.swift; sourceTree = "<group>"; };
		3F65E77C2D05C5F3007BDEEA /* openapi.yaml */ = {isa = PBXFileReference; lastKnownFileType = text.yaml; path = openapi.yaml; sourceTree = "<group>"; };
/* End PBXFileReference section */

/* Begin PBXFrameworksBuildPhase section */
		3F65E7012D021F13007BDEEA /* Frameworks */ = {
			isa = PBXFrameworksBuildPhase;
			buildActionMask = 2147483647;
			files = (
				3F65E72B2D0353DA007BDEEA /* OpenAPIURLSession in Frameworks */,
				3F65E7282D0353CC007BDEEA /* OpenAPIRuntime in Frameworks */,
			);
			runOnlyForDeploymentPostprocessing = 0;
		};
/* End PBXFrameworksBuildPhase section */

/* Begin PBXGroup section */
		3F65E6FB2D021F13007BDEEA = {
			isa = PBXGroup;
			children = (
				3F65E71A2D021F23007BDEEA /* TravelSchedule */,
				3F65E7052D021F13007BDEEA /* Products */,
			);
			sourceTree = "<group>";
		};
		3F65E7052D021F13007BDEEA /* Products */ = {
			isa = PBXGroup;
			children = (
				3F65E7042D021F13007BDEEA /* TravelSchedule.app */,
			);
			name = Products;
			sourceTree = "<group>";
		};
		3F65E7162D021F23007BDEEA /* Preview Content */ = {
			isa = PBXGroup;
			children = (
				3F65E7152D021F23007BDEEA /* Preview Assets.xcassets */,
			);
			path = "Preview Content";
			sourceTree = "<group>";
		};
		3F65E71A2D021F23007BDEEA /* TravelSchedule */ = {
			isa = PBXGroup;
			children = (
				3F65E76C2D05863B007BDEEA /* Services */,
				3F65E7162D021F23007BDEEA /* Preview Content */,
				3F65E7182D021F23007BDEEA /* ContentView.swift */,
				3F65E7192D021F23007BDEEA /* TravelScheduleApp.swift */,
				3F65E72F2D035470007BDEEA /* openapi-generator-config.yaml */,
				3F65E77C2D05C5F3007BDEEA /* openapi.yaml */,
				3F65E7172D021F23007BDEEA /* Assets.xcassets */,
			);
			path = TravelSchedule;
			sourceTree = "<group>";
		};
		3F65E76C2D05863B007BDEEA /* Services */ = {
			isa = PBXGroup;
			children = (
				3F65E76A2D058630007BDEEA /* ThreadStationsService.swift */,
				3F65E7322D0354A7007BDEEA /* NearestStationsService.swift */,
				3F65E7362D04BFAA007BDEEA /* RoutesWithDestinationService.swift */,
				3F65E7592D04DB7D007BDEEA /* RoutesFromService.swift */,
				3F65E77A2D05C290007BDEEA /* NearestSettlementService.swift */,
			);
			path = Services;
			sourceTree = "<group>";
		};
/* End PBXGroup section */

/* Begin PBXNativeTarget section */
		3F65E7032D021F13007BDEEA /* TravelSchedule */ = {
			isa = PBXNativeTarget;
			buildConfigurationList = 3F65E7122D021F14007BDEEA /* Build configuration list for PBXNativeTarget "TravelSchedule" */;
			buildPhases = (
				3F65E7002D021F13007BDEEA /* Sources */,
				3F65E7012D021F13007BDEEA /* Frameworks */,
				3F65E7022D021F13007BDEEA /* Resources */,
			);
			buildRules = (
			);
			dependencies = (
				3F65E72D2D03540B007BDEEA /* PBXTargetDependency */,
			);
			name = TravelSchedule;
			packageProductDependencies = (
				3F65E7272D0353CC007BDEEA /* OpenAPIRuntime */,
				3F65E72A2D0353DA007BDEEA /* OpenAPIURLSession */,
			);
			productName = TravelSchedule;
			productReference = 3F65E7042D021F13007BDEEA /* TravelSchedule.app */;
			productType = "com.apple.product-type.application";
		};
/* End PBXNativeTarget section */

/* Begin PBXProject section */
		3F65E6FC2D021F13007BDEEA /* Project object */ = {
			isa = PBXProject;
			attributes = {
				BuildIndependentTargetsInParallel = 1;
				LastSwiftUpdateCheck = 1610;
				LastUpgradeCheck = 1610;
				TargetAttributes = {
					3F65E7032D021F13007BDEEA = {
						CreatedOnToolsVersion = 16.1;
					};
				};
			};
			buildConfigurationList = 3F65E6FF2D021F13007BDEEA /* Build configuration list for PBXProject "TravelSchedule" */;
			developmentRegion = en;
			hasScannedForEncodings = 0;
			knownRegions = (
				en,
				Base,
			);
			mainGroup = 3F65E6FB2D021F13007BDEEA;
			minimizedProjectReferenceProxies = 1;
			packageReferences = (
				3F65E7212D0353B8007BDEEA /* XCRemoteSwiftPackageReference "swift-openapi-generator" */,
				3F65E7262D0353CC007BDEEA /* XCRemoteSwiftPackageReference "swift-openapi-runtime" */,
				3F65E7292D0353D9007BDEEA /* XCRemoteSwiftPackageReference "swift-openapi-urlsession" */,
			);
			preferredProjectObjectVersion = 77;
			productRefGroup = 3F65E7052D021F13007BDEEA /* Products */;
			projectDirPath = "";
			projectRoot = "";
			targets = (
				3F65E7032D021F13007BDEEA /* TravelSchedule */,
			);
		};
/* End PBXProject section */

/* Begin PBXResourcesBuildPhase section */
		3F65E7022D021F13007BDEEA /* Resources */ = {
			isa = PBXResourcesBuildPhase;
			buildActionMask = 2147483647;
			files = (
				3F65E7302D035470007BDEEA /* openapi-generator-config.yaml in Resources */,
				3F65E77D2D05C5F3007BDEEA /* openapi.yaml in Resources */,
				3F65E71B2D021F23007BDEEA /* Preview Assets.xcassets in Resources */,
				3F65E71C2D021F23007BDEEA /* Assets.xcassets in Resources */,
			);
			runOnlyForDeploymentPostprocessing = 0;
		};
/* End PBXResourcesBuildPhase section */

/* Begin PBXSourcesBuildPhase section */
		3F65E7002D021F13007BDEEA /* Sources */ = {
			isa = PBXSourcesBuildPhase;
			buildActionMask = 2147483647;
			files = (
				3F65E77B2D05C290007BDEEA /* NearestSettlementService.swift in Sources */,
				3F65E76B2D058630007BDEEA /* ThreadStationsService.swift in Sources */,
				3F65E71D2D021F23007BDEEA /* ContentView.swift in Sources */,
				3F65E7332D0354A7007BDEEA /* NearestStationsService.swift in Sources */,
				3F65E7372D04BFAA007BDEEA /* RoutesWithDestinationService.swift in Sources */,
				3F65E71E2D021F23007BDEEA /* TravelScheduleApp.swift in Sources */,
				3F65E75A2D04DB7D007BDEEA /* RoutesFromService.swift in Sources */,
			);
			runOnlyForDeploymentPostprocessing = 0;
		};
/* End PBXSourcesBuildPhase section */

/* Begin PBXTargetDependency section */
		3F65E72D2D03540B007BDEEA /* PBXTargetDependency */ = {
			isa = PBXTargetDependency;
			productRef = 3F65E72C2D03540B007BDEEA /* OpenAPIGenerator */;
		};
/* End PBXTargetDependency section */

/* Begin XCBuildConfiguration section */
		3F65E7102D021F14007BDEEA /* Debug */ = {
			isa = XCBuildConfiguration;
			buildSettings = {
				ALWAYS_SEARCH_USER_PATHS = NO;
				ASSETCATALOG_COMPILER_GENERATE_SWIFT_ASSET_SYMBOL_EXTENSIONS = YES;
				CLANG_ANALYZER_NONNULL = YES;
				CLANG_ANALYZER_NUMBER_OBJECT_CONVERSION = YES_AGGRESSIVE;
				CLANG_CXX_LANGUAGE_STANDARD = "gnu++20";
				CLANG_ENABLE_MODULES = YES;
				CLANG_ENABLE_OBJC_ARC = YES;
				CLANG_ENABLE_OBJC_WEAK = YES;
				CLANG_WARN_BLOCK_CAPTURE_AUTORELEASING = YES;
				CLANG_WARN_BOOL_CONVERSION = YES;
				CLANG_WARN_COMMA = YES;
				CLANG_WARN_CONSTANT_CONVERSION = YES;
				CLANG_WARN_DEPRECATED_OBJC_IMPLEMENTATIONS = YES;
				CLANG_WARN_DIRECT_OBJC_ISA_USAGE = YES_ERROR;
				CLANG_WARN_DOCUMENTATION_COMMENTS = YES;
				CLANG_WARN_EMPTY_BODY = YES;
				CLANG_WARN_ENUM_CONVERSION = YES;
				CLANG_WARN_INFINITE_RECURSION = YES;
				CLANG_WARN_INT_CONVERSION = YES;
				CLANG_WARN_NON_LITERAL_NULL_CONVERSION = YES;
				CLANG_WARN_OBJC_IMPLICIT_RETAIN_SELF = YES;
				CLANG_WARN_OBJC_LITERAL_CONVERSION = YES;
				CLANG_WARN_OBJC_ROOT_CLASS = YES_ERROR;
				CLANG_WARN_QUOTED_INCLUDE_IN_FRAMEWORK_HEADER = YES;
				CLANG_WARN_RANGE_LOOP_ANALYSIS = YES;
				CLANG_WARN_STRICT_PROTOTYPES = YES;
				CLANG_WARN_SUSPICIOUS_MOVE = YES;
				CLANG_WARN_UNGUARDED_AVAILABILITY = YES_AGGRESSIVE;
				CLANG_WARN_UNREACHABLE_CODE = YES;
				CLANG_WARN__DUPLICATE_METHOD_MATCH = YES;
				COPY_PHASE_STRIP = NO;
				DEBUG_INFORMATION_FORMAT = dwarf;
				ENABLE_STRICT_OBJC_MSGSEND = YES;
				ENABLE_TESTABILITY = YES;
				ENABLE_USER_SCRIPT_SANDBOXING = YES;
				GCC_C_LANGUAGE_STANDARD = gnu17;
				GCC_DYNAMIC_NO_PIC = NO;
				GCC_NO_COMMON_BLOCKS = YES;
				GCC_OPTIMIZATION_LEVEL = 0;
				GCC_PREPROCESSOR_DEFINITIONS = (
					"DEBUG=1",
					"$(inherited)",
				);
				GCC_WARN_64_TO_32_BIT_CONVERSION = YES;
				GCC_WARN_ABOUT_RETURN_TYPE = YES_ERROR;
				GCC_WARN_UNDECLARED_SELECTOR = YES;
				GCC_WARN_UNINITIALIZED_AUTOS = YES_AGGRESSIVE;
				GCC_WARN_UNUSED_FUNCTION = YES;
				GCC_WARN_UNUSED_VARIABLE = YES;
				IPHONEOS_DEPLOYMENT_TARGET = 15.6;
				LOCALIZATION_PREFERS_STRING_CATALOGS = YES;
				MTL_ENABLE_DEBUG_INFO = INCLUDE_SOURCE;
				MTL_FAST_MATH = YES;
				ONLY_ACTIVE_ARCH = YES;
				SDKROOT = iphoneos;
				SWIFT_ACTIVE_COMPILATION_CONDITIONS = "DEBUG $(inherited)";
				SWIFT_OPTIMIZATION_LEVEL = "-Onone";
			};
			name = Debug;
		};
		3F65E7112D021F14007BDEEA /* Release */ = {
			isa = XCBuildConfiguration;
			buildSettings = {
				ALWAYS_SEARCH_USER_PATHS = NO;
				ASSETCATALOG_COMPILER_GENERATE_SWIFT_ASSET_SYMBOL_EXTENSIONS = YES;
				CLANG_ANALYZER_NONNULL = YES;
				CLANG_ANALYZER_NUMBER_OBJECT_CONVERSION = YES_AGGRESSIVE;
				CLANG_CXX_LANGUAGE_STANDARD = "gnu++20";
				CLANG_ENABLE_MODULES = YES;
				CLANG_ENABLE_OBJC_ARC = YES;
				CLANG_ENABLE_OBJC_WEAK = YES;
				CLANG_WARN_BLOCK_CAPTURE_AUTORELEASING = YES;
				CLANG_WARN_BOOL_CONVERSION = YES;
				CLANG_WARN_COMMA = YES;
				CLANG_WARN_CONSTANT_CONVERSION = YES;
				CLANG_WARN_DEPRECATED_OBJC_IMPLEMENTATIONS = YES;
				CLANG_WARN_DIRECT_OBJC_ISA_USAGE = YES_ERROR;
				CLANG_WARN_DOCUMENTATION_COMMENTS = YES;
				CLANG_WARN_EMPTY_BODY = YES;
				CLANG_WARN_ENUM_CONVERSION = YES;
				CLANG_WARN_INFINITE_RECURSION = YES;
				CLANG_WARN_INT_CONVERSION = YES;
				CLANG_WARN_NON_LITERAL_NULL_CONVERSION = YES;
				CLANG_WARN_OBJC_IMPLICIT_RETAIN_SELF = YES;
				CLANG_WARN_OBJC_LITERAL_CONVERSION = YES;
				CLANG_WARN_OBJC_ROOT_CLASS = YES_ERROR;
				CLANG_WARN_QUOTED_INCLUDE_IN_FRAMEWORK_HEADER = YES;
				CLANG_WARN_RANGE_LOOP_ANALYSIS = YES;
				CLANG_WARN_STRICT_PROTOTYPES = YES;
				CLANG_WARN_SUSPICIOUS_MOVE = YES;
				CLANG_WARN_UNGUARDED_AVAILABILITY = YES_AGGRESSIVE;
				CLANG_WARN_UNREACHABLE_CODE = YES;
				CLANG_WARN__DUPLICATE_METHOD_MATCH = YES;
				COPY_PHASE_STRIP = NO;
				DEBUG_INFORMATION_FORMAT = "dwarf-with-dsym";
				ENABLE_NS_ASSERTIONS = NO;
				ENABLE_STRICT_OBJC_MSGSEND = YES;
				ENABLE_USER_SCRIPT_SANDBOXING = YES;
				GCC_C_LANGUAGE_STANDARD = gnu17;
				GCC_NO_COMMON_BLOCKS = YES;
				GCC_WARN_64_TO_32_BIT_CONVERSION = YES;
				GCC_WARN_ABOUT_RETURN_TYPE = YES_ERROR;
				GCC_WARN_UNDECLARED_SELECTOR = YES;
				GCC_WARN_UNINITIALIZED_AUTOS = YES_AGGRESSIVE;
				GCC_WARN_UNUSED_FUNCTION = YES;
				GCC_WARN_UNUSED_VARIABLE = YES;
				IPHONEOS_DEPLOYMENT_TARGET = 15.6;
				LOCALIZATION_PREFERS_STRING_CATALOGS = YES;
				MTL_ENABLE_DEBUG_INFO = NO;
				MTL_FAST_MATH = YES;
				SDKROOT = iphoneos;
				SWIFT_COMPILATION_MODE = wholemodule;
				VALIDATE_PRODUCT = YES;
			};
			name = Release;
		};
		3F65E7132D021F14007BDEEA /* Debug */ = {
			isa = XCBuildConfiguration;
			buildSettings = {
				ASSETCATALOG_COMPILER_APPICON_NAME = AppIcon;
				ASSETCATALOG_COMPILER_GLOBAL_ACCENT_COLOR_NAME = AccentColor;
				CODE_SIGN_STYLE = Automatic;
				CURRENT_PROJECT_VERSION = 1;
				DEVELOPMENT_ASSET_PATHS = "\"TravelSchedule/Preview Content\"";
				DEVELOPMENT_TEAM = CNQ42444ZA;
				ENABLE_PREVIEWS = YES;
				GENERATE_INFOPLIST_FILE = YES;
				INFOPLIST_KEY_UIApplicationSceneManifest_Generation = YES;
				INFOPLIST_KEY_UIApplicationSupportsIndirectInputEvents = YES;
				INFOPLIST_KEY_UILaunchScreen_Generation = YES;
				INFOPLIST_KEY_UISupportedInterfaceOrientations = UIInterfaceOrientationPortrait;
				INFOPLIST_KEY_UISupportedInterfaceOrientations_iPad = "UIInterfaceOrientationLandscapeLeft UIInterfaceOrientationLandscapeRight UIInterfaceOrientationPortrait UIInterfaceOrientationPortraitUpsideDown";
				IPHONEOS_DEPLOYMENT_TARGET = 15;
				LD_RUNPATH_SEARCH_PATHS = (
					"$(inherited)",
					"@executable_path/Frameworks",
				);
				MARKETING_VERSION = 1.0;
				PRODUCT_BUNDLE_IDENTIFIER = com.dmaximov.practicum.TravelSchedule;
				PRODUCT_NAME = "$(TARGET_NAME)";
				SUPPORTED_PLATFORMS = "iphoneos iphonesimulator";
				SUPPORTS_MACCATALYST = NO;
				SUPPORTS_MAC_DESIGNED_FOR_IPHONE_IPAD = NO;
				SUPPORTS_XR_DESIGNED_FOR_IPHONE_IPAD = NO;
				SWIFT_EMIT_LOC_STRINGS = YES;
				SWIFT_VERSION = 5.0;
				TARGETED_DEVICE_FAMILY = 1;
			};
			name = Debug;
		};
		3F65E7142D021F14007BDEEA /* Release */ = {
			isa = XCBuildConfiguration;
			buildSettings = {
				ASSETCATALOG_COMPILER_APPICON_NAME = AppIcon;
				ASSETCATALOG_COMPILER_GLOBAL_ACCENT_COLOR_NAME = AccentColor;
				CODE_SIGN_STYLE = Automatic;
				CURRENT_PROJECT_VERSION = 1;
				DEVELOPMENT_ASSET_PATHS = "\"TravelSchedule/Preview Content\"";
				DEVELOPMENT_TEAM = CNQ42444ZA;
				ENABLE_PREVIEWS = YES;
				GENERATE_INFOPLIST_FILE = YES;
				INFOPLIST_KEY_UIApplicationSceneManifest_Generation = YES;
				INFOPLIST_KEY_UIApplicationSupportsIndirectInputEvents = YES;
				INFOPLIST_KEY_UILaunchScreen_Generation = YES;
				INFOPLIST_KEY_UISupportedInterfaceOrientations = UIInterfaceOrientationPortrait;
				INFOPLIST_KEY_UISupportedInterfaceOrientations_iPad = "UIInterfaceOrientationLandscapeLeft UIInterfaceOrientationLandscapeRight UIInterfaceOrientationPortrait UIInterfaceOrientationPortraitUpsideDown";
				IPHONEOS_DEPLOYMENT_TARGET = 15;
				LD_RUNPATH_SEARCH_PATHS = (
					"$(inherited)",
					"@executable_path/Frameworks",
				);
				MARKETING_VERSION = 1.0;
				PRODUCT_BUNDLE_IDENTIFIER = com.dmaximov.practicum.TravelSchedule;
				PRODUCT_NAME = "$(TARGET_NAME)";
				SUPPORTED_PLATFORMS = "iphoneos iphonesimulator";
				SUPPORTS_MACCATALYST = NO;
				SUPPORTS_MAC_DESIGNED_FOR_IPHONE_IPAD = NO;
				SUPPORTS_XR_DESIGNED_FOR_IPHONE_IPAD = NO;
				SWIFT_EMIT_LOC_STRINGS = YES;
				SWIFT_VERSION = 5.0;
				TARGETED_DEVICE_FAMILY = 1;
			};
			name = Release;
		};
/* End XCBuildConfiguration section */

/* Begin XCConfigurationList section */
		3F65E6FF2D021F13007BDEEA /* Build configuration list for PBXProject "TravelSchedule" */ = {
			isa = XCConfigurationList;
			buildConfigurations = (
				3F65E7102D021F14007BDEEA /* Debug */,
				3F65E7112D021F14007BDEEA /* Release */,
			);
			defaultConfigurationIsVisible = 0;
			defaultConfigurationName = Release;
		};
		3F65E7122D021F14007BDEEA /* Build configuration list for PBXNativeTarget "TravelSchedule" */ = {
			isa = XCConfigurationList;
			buildConfigurations = (
				3F65E7132D021F14007BDEEA /* Debug */,
				3F65E7142D021F14007BDEEA /* Release */,
			);
			defaultConfigurationIsVisible = 0;
			defaultConfigurationName = Release;
		};
/* End XCConfigurationList section */

/* Begin XCRemoteSwiftPackageReference section */
		3F65E7212D0353B8007BDEEA /* XCRemoteSwiftPackageReference "swift-openapi-generator" */ = {
			isa = XCRemoteSwiftPackageReference;
			repositoryURL = "https://github.com/apple/swift-openapi-generator";
			requirement = {
				kind = upToNextMajorVersion;
				minimumVersion = 1.5.0;
			};
		};
		3F65E7262D0353CC007BDEEA /* XCRemoteSwiftPackageReference "swift-openapi-runtime" */ = {
			isa = XCRemoteSwiftPackageReference;
			repositoryURL = "https://github.com/apple/swift-openapi-runtime";
			requirement = {
				kind = upToNextMajorVersion;
				minimumVersion = 1.7.0;
			};
		};
		3F65E7292D0353D9007BDEEA /* XCRemoteSwiftPackageReference "swift-openapi-urlsession" */ = {
			isa = XCRemoteSwiftPackageReference;
			repositoryURL = "https://github.com/apple/swift-openapi-urlsession";
			requirement = {
				kind = upToNextMajorVersion;
				minimumVersion = 1.0.2;
			};
		};
/* End XCRemoteSwiftPackageReference section */

/* Begin XCSwiftPackageProductDependency section */
		3F65E7272D0353CC007BDEEA /* OpenAPIRuntime */ = {
			isa = XCSwiftPackageProductDependency;
			package = 3F65E7262D0353CC007BDEEA /* XCRemoteSwiftPackageReference "swift-openapi-runtime" */;
			productName = OpenAPIRuntime;
		};
		3F65E72A2D0353DA007BDEEA /* OpenAPIURLSession */ = {
			isa = XCSwiftPackageProductDependency;
			package = 3F65E7292D0353D9007BDEEA /* XCRemoteSwiftPackageReference "swift-openapi-urlsession" */;
			productName = OpenAPIURLSession;
		};
		3F65E72C2D03540B007BDEEA /* OpenAPIGenerator */ = {
			isa = XCSwiftPackageProductDependency;
			package = 3F65E7212D0353B8007BDEEA /* XCRemoteSwiftPackageReference "swift-openapi-generator" */;
			productName = "plugin:OpenAPIGenerator";
		};
/* End XCSwiftPackageProductDependency section */
	};
	rootObject = 3F65E6FC2D021F13007BDEEA /* Project object */;
}
