// !$*UTF8*$!
{
	archiveVersion = 1;
	classes = {
	};
	objectVersion = 77;
	objects = {

/* Begin PBXBuildFile section */
		3F65651F2D0CAFE4001D355E /* CarrierService.swift in Sources */ = {isa = PBXBuildFile; fileRef = 3F65651E2D0CAFE4001D355E /* CarrierService.swift */; };
		3F6565242D0CB14A001D355E /* StationsListService.swift in Sources */ = {isa = PBXBuildFile; fileRef = 3F6565232D0CB14A001D355E /* StationsListService.swift */; };
		3F65652A2D0D691F001D355E /* openapi.yaml in Resources */ = {isa = PBXBuildFile; fileRef = 3F6565292D0D691F001D355E /* openapi.yaml */; };
		3F6565752D0DF497001D355E /* CopyrightService.swift in Sources */ = {isa = PBXBuildFile; fileRef = 3F6565742D0DF497001D355E /* CopyrightService.swift */; };
		3F65658E2D0E9F91001D355E /* Constants.swift in Sources */ = {isa = PBXBuildFile; fileRef = 3F65658D2D0E9F91001D355E /* Constants.swift */; };
		3F65E71B2D021F23007BDEEA /* Preview Assets.xcassets in Resources */ = {isa = PBXBuildFile; fileRef = 3F65E7152D021F23007BDEEA /* Preview Assets.xcassets */; };
		3F65E71C2D021F23007BDEEA /* Assets.xcassets in Resources */ = {isa = PBXBuildFile; fileRef = 3F65E7172D021F23007BDEEA /* Assets.xcassets */; };
		3F65E71D2D021F23007BDEEA /* ContentView.swift in Sources */ = {isa = PBXBuildFile; fileRef = 3F65E7182D021F23007BDEEA /* ContentView.swift */; };
		3F65E71E2D021F23007BDEEA /* TravelScheduleApp.swift in Sources */ = {isa = PBXBuildFile; fileRef = 3F65E7192D021F23007BDEEA /* TravelScheduleApp.swift */; };
		3F65E7282D0353CC007BDEEA /* OpenAPIRuntime in Frameworks */ = {isa = PBXBuildFile; productRef = 3F65E7272D0353CC007BDEEA /* OpenAPIRuntime */; };
		3F65E72B2D0353DA007BDEEA /* OpenAPIURLSession in Frameworks */ = {isa = PBXBuildFile; productRef = 3F65E72A2D0353DA007BDEEA /* OpenAPIURLSession */; };
		3F65E7302D035470007BDEEA /* openapi-generator-config.yaml in Resources */ = {isa = PBXBuildFile; fileRef = 3F65E72F2D035470007BDEEA /* openapi-generator-config.yaml */; };
		3F65E7332D0354A7007BDEEA /* NearestStationsService.swift in Sources */ = {isa = PBXBuildFile; fileRef = 3F65E7322D0354A7007BDEEA /* NearestStationsService.swift */; };
		3F65E7372D04BFAA007BDEEA /* RoutesWithDestinationService.swift in Sources */ = {isa = PBXBuildFile; fileRef = 3F65E7362D04BFAA007BDEEA /* RoutesWithDestinationService.swift */; };
		3F65E75A2D04DB7D007BDEEA /* RoutesFromService.swift in Sources */ = {isa = PBXBuildFile; fileRef = 3F65E7592D04DB7D007BDEEA /* RoutesFromService.swift */; };
		3F65E76B2D058630007BDEEA /* ThreadStationsService.swift in Sources */ = {isa = PBXBuildFile; fileRef = 3F65E76A2D058630007BDEEA /* ThreadStationsService.swift */; };
		3F65E77B2D05C290007BDEEA /* NearestSettlementService.swift in Sources */ = {isa = PBXBuildFile; fileRef = 3F65E77A2D05C290007BDEEA /* NearestSettlementService.swift */; };
		3FA915272D303D5E00982A13 /* UserAgreementView.swift in Sources */ = {isa = PBXBuildFile; fileRef = 3FA915262D303D5E00982A13 /* UserAgreementView.swift */; };
		3FA916612D350A6E00982A13 /* PathsAndDirections.swift in Sources */ = {isa = PBXBuildFile; fileRef = 3FA916602D350A6E00982A13 /* PathsAndDirections.swift */; };
		3FA916632D350AD500982A13 /* DepartureTimesAndTransfer.swift in Sources */ = {isa = PBXBuildFile; fileRef = 3FA916622D350AD500982A13 /* DepartureTimesAndTransfer.swift */; };
		3FA916772D351BAB00982A13 /* AgreementWebView.swift in Sources */ = {isa = PBXBuildFile; fileRef = 3FA916762D351BAB00982A13 /* AgreementWebView.swift */; };
		3FA916822D35776C00982A13 /* ErrorView.swift in Sources */ = {isa = PBXBuildFile; fileRef = 3FA916812D35776B00982A13 /* ErrorView.swift */; };
		3FA916A02D357A8700982A13 /* ErrorType.swift in Sources */ = {isa = PBXBuildFile; fileRef = 3FA9169F2D357A8700982A13 /* ErrorType.swift */; };
		3FA916AB2D35A0C600982A13 /* City.swift in Sources */ = {isa = PBXBuildFile; fileRef = 3FA916AA2D35A0C600982A13 /* City.swift */; };
		3FA916AE2D35A10100982A13 /* Station.swift in Sources */ = {isa = PBXBuildFile; fileRef = 3FA916AD2D35A10100982A13 /* Station.swift */; };
		3FA916B52D368EDF00982A13 /* CitiesListViewModel.swift in Sources */ = {isa = PBXBuildFile; fileRef = 3FA916B42D368EDF00982A13 /* CitiesListViewModel.swift */; };
		3FF5CBCC2D383001007E83DF /* LoadStateMachine.swift in Sources */ = {isa = PBXBuildFile; fileRef = 3FF5CBCB2D383001007E83DF /* LoadStateMachine.swift */; };
		3FFA78102D1DCE9B004520FA /* ScheduleView.swift in Sources */ = {isa = PBXBuildFile; fileRef = 3FFA780F2D1DCE9B004520FA /* ScheduleView.swift */; };
		3FFA78132D1DCEAD004520FA /* SettingsView.swift in Sources */ = {isa = PBXBuildFile; fileRef = 3FFA78122D1DCEAD004520FA /* SettingsView.swift */; };
		3FFA784E2D2049D2004520FA /* CitiesListView.swift in Sources */ = {isa = PBXBuildFile; fileRef = 3FFA784D2D2049D2004520FA /* CitiesListView.swift */; };
		3FFA78942D206AD4004520FA /* ListRow.swift in Sources */ = {isa = PBXBuildFile; fileRef = 3FFA78932D206AD4004520FA /* ListRow.swift */; };
		3FFF11F42D298A6000638F2A /* Router.swift in Sources */ = {isa = PBXBuildFile; fileRef = 3FFF11F32D298A6000638F2A /* Router.swift */; };
		3FFF128C2D299DAC00638F2A /* StationsListView.swift in Sources */ = {isa = PBXBuildFile; fileRef = 3FFF128B2D299DAC00638F2A /* StationsListView.swift */; };
		3FFF12AF2D29A2EE00638F2A /* SearchStore.swift in Sources */ = {isa = PBXBuildFile; fileRef = 3FFF12AE2D29A2EE00638F2A /* SearchStore.swift */; };
		3FFF13C82D2AF58F00638F2A /* CarriersListView.swift in Sources */ = {isa = PBXBuildFile; fileRef = 3FFF13C72D2AF58F00638F2A /* CarriersListView.swift */; };
		3FFF14572D2C517400638F2A /* CarrierRow.swift in Sources */ = {isa = PBXBuildFile; fileRef = 3FFF14562D2C517400638F2A /* CarrierRow.swift */; };
		3FFF145B2D2C53C400638F2A /* Route.swift in Sources */ = {isa = PBXBuildFile; fileRef = 3FFF145A2D2C53C400638F2A /* Route.swift */; };
		3FFF145E2D2C549F00638F2A /* Carrier.swift in Sources */ = {isa = PBXBuildFile; fileRef = 3FFF145D2D2C549F00638F2A /* Carrier.swift */; };
		3FFF14C02D2D80D400638F2A /* FiltersView.swift in Sources */ = {isa = PBXBuildFile; fileRef = 3FFF14BF2D2D80D400638F2A /* FiltersView.swift */; };
		3FFF14E42D2D8F2200638F2A /* CheckboxStyle.swift in Sources */ = {isa = PBXBuildFile; fileRef = 3FFF14E32D2D8F2200638F2A /* CheckboxStyle.swift */; };
		3FFF155C2D30180E00638F2A /* CarrierInfoView.swift in Sources */ = {isa = PBXBuildFile; fileRef = 3FFF155B2D30180E00638F2A /* CarrierInfoView.swift */; };
/* End PBXBuildFile section */

/* Begin PBXFileReference section */
		3F65651E2D0CAFE4001D355E /* CarrierService.swift */ = {isa = PBXFileReference; lastKnownFileType = sourcecode.swift; path = CarrierService.swift; sourceTree = "<group>"; };
		3F6565232D0CB14A001D355E /* StationsListService.swift */ = {isa = PBXFileReference; lastKnownFileType = sourcecode.swift; path = StationsListService.swift; sourceTree = "<group>"; };
		3F6565292D0D691F001D355E /* openapi.yaml */ = {isa = PBXFileReference; lastKnownFileType = text.yaml; path = openapi.yaml; sourceTree = "<group>"; };
		3F6565742D0DF497001D355E /* CopyrightService.swift */ = {isa = PBXFileReference; lastKnownFileType = sourcecode.swift; path = CopyrightService.swift; sourceTree = "<group>"; };
		3F65658D2D0E9F91001D355E /* Constants.swift */ = {isa = PBXFileReference; lastKnownFileType = sourcecode.swift; path = Constants.swift; sourceTree = "<group>"; };
		3F65E7042D021F13007BDEEA /* TravelSchedule.app */ = {isa = PBXFileReference; explicitFileType = wrapper.application; includeInIndex = 0; path = TravelSchedule.app; sourceTree = BUILT_PRODUCTS_DIR; };
		3F65E7152D021F23007BDEEA /* Preview Assets.xcassets */ = {isa = PBXFileReference; lastKnownFileType = folder.assetcatalog; path = "Preview Assets.xcassets"; sourceTree = "<group>"; };
		3F65E7172D021F23007BDEEA /* Assets.xcassets */ = {isa = PBXFileReference; lastKnownFileType = folder.assetcatalog; path = Assets.xcassets; sourceTree = "<group>"; };
		3F65E7182D021F23007BDEEA /* ContentView.swift */ = {isa = PBXFileReference; lastKnownFileType = sourcecode.swift; path = ContentView.swift; sourceTree = "<group>"; };
		3F65E7192D021F23007BDEEA /* TravelScheduleApp.swift */ = {isa = PBXFileReference; lastKnownFileType = sourcecode.swift; path = TravelScheduleApp.swift; sourceTree = "<group>"; };
		3F65E72F2D035470007BDEEA /* openapi-generator-config.yaml */ = {isa = PBXFileReference; lastKnownFileType = text.yaml; path = "openapi-generator-config.yaml"; sourceTree = "<group>"; };
		3F65E7322D0354A7007BDEEA /* NearestStationsService.swift */ = {isa = PBXFileReference; lastKnownFileType = sourcecode.swift; path = NearestStationsService.swift; sourceTree = "<group>"; };
		3F65E7362D04BFAA007BDEEA /* RoutesWithDestinationService.swift */ = {isa = PBXFileReference; lastKnownFileType = sourcecode.swift; path = RoutesWithDestinationService.swift; sourceTree = "<group>"; };
		3F65E7592D04DB7D007BDEEA /* RoutesFromService.swift */ = {isa = PBXFileReference; lastKnownFileType = sourcecode.swift; path = RoutesFromService.swift; sourceTree = "<group>"; };
		3F65E76A2D058630007BDEEA /* ThreadStationsService.swift */ = {isa = PBXFileReference; lastKnownFileType = sourcecode.swift; path = ThreadStationsService.swift; sourceTree = "<group>"; };
		3F65E77A2D05C290007BDEEA /* NearestSettlementService.swift */ = {isa = PBXFileReference; lastKnownFileType = sourcecode.swift; path = NearestSettlementService.swift; sourceTree = "<group>"; };
		3FA915262D303D5E00982A13 /* UserAgreementView.swift */ = {isa = PBXFileReference; lastKnownFileType = sourcecode.swift; path = UserAgreementView.swift; sourceTree = "<group>"; };
		3FA916602D350A6E00982A13 /* PathsAndDirections.swift */ = {isa = PBXFileReference; lastKnownFileType = sourcecode.swift; path = PathsAndDirections.swift; sourceTree = "<group>"; };
		3FA916622D350AD500982A13 /* DepartureTimesAndTransfer.swift */ = {isa = PBXFileReference; lastKnownFileType = sourcecode.swift; path = DepartureTimesAndTransfer.swift; sourceTree = "<group>"; };
		3FA916762D351BAB00982A13 /* AgreementWebView.swift */ = {isa = PBXFileReference; lastKnownFileType = sourcecode.swift; path = AgreementWebView.swift; sourceTree = "<group>"; };
		3FA916812D35776B00982A13 /* ErrorView.swift */ = {isa = PBXFileReference; lastKnownFileType = sourcecode.swift; path = ErrorView.swift; sourceTree = "<group>"; };
		3FA9169F2D357A8700982A13 /* ErrorType.swift */ = {isa = PBXFileReference; lastKnownFileType = sourcecode.swift; path = ErrorType.swift; sourceTree = "<group>"; };
		3FA916AA2D35A0C600982A13 /* City.swift */ = {isa = PBXFileReference; lastKnownFileType = sourcecode.swift; path = City.swift; sourceTree = "<group>"; };
		3FA916AD2D35A10100982A13 /* Station.swift */ = {isa = PBXFileReference; lastKnownFileType = sourcecode.swift; path = Station.swift; sourceTree = "<group>"; };
		3FA916B42D368EDF00982A13 /* CitiesListViewModel.swift */ = {isa = PBXFileReference; lastKnownFileType = sourcecode.swift; path = CitiesListViewModel.swift; sourceTree = "<group>"; };
		3FF5CBCB2D383001007E83DF /* LoadStateMachine.swift */ = {isa = PBXFileReference; lastKnownFileType = sourcecode.swift; path = LoadStateMachine.swift; sourceTree = "<group>"; };
		3FFA77FE2D1DBFC4004520FA /* Info.plist */ = {isa = PBXFileReference; lastKnownFileType = text.plist.xml; path = Info.plist; sourceTree = "<group>"; };
		3FFA780F2D1DCE9B004520FA /* ScheduleView.swift */ = {isa = PBXFileReference; lastKnownFileType = sourcecode.swift; path = ScheduleView.swift; sourceTree = "<group>"; };
		3FFA78122D1DCEAD004520FA /* SettingsView.swift */ = {isa = PBXFileReference; lastKnownFileType = sourcecode.swift; path = SettingsView.swift; sourceTree = "<group>"; };
		3FFA784D2D2049D2004520FA /* CitiesListView.swift */ = {isa = PBXFileReference; lastKnownFileType = sourcecode.swift; path = CitiesListView.swift; sourceTree = "<group>"; };
		3FFA78932D206AD4004520FA /* ListRow.swift */ = {isa = PBXFileReference; lastKnownFileType = sourcecode.swift; path = ListRow.swift; sourceTree = "<group>"; };
		3FFF11F32D298A6000638F2A /* Router.swift */ = {isa = PBXFileReference; lastKnownFileType = sourcecode.swift; path = Router.swift; sourceTree = "<group>"; };
		3FFF128B2D299DAC00638F2A /* StationsListView.swift */ = {isa = PBXFileReference; lastKnownFileType = sourcecode.swift; path = StationsListView.swift; sourceTree = "<group>"; };
		3FFF12AE2D29A2EE00638F2A /* SearchStore.swift */ = {isa = PBXFileReference; lastKnownFileType = sourcecode.swift; path = SearchStore.swift; sourceTree = "<group>"; };
		3FFF13C72D2AF58F00638F2A /* CarriersListView.swift */ = {isa = PBXFileReference; lastKnownFileType = sourcecode.swift; path = CarriersListView.swift; sourceTree = "<group>"; };
		3FFF14562D2C517400638F2A /* CarrierRow.swift */ = {isa = PBXFileReference; lastKnownFileType = sourcecode.swift; path = CarrierRow.swift; sourceTree = "<group>"; };
		3FFF145A2D2C53C400638F2A /* Route.swift */ = {isa = PBXFileReference; lastKnownFileType = sourcecode.swift; path = Route.swift; sourceTree = "<group>"; };
		3FFF145D2D2C549F00638F2A /* Carrier.swift */ = {isa = PBXFileReference; lastKnownFileType = sourcecode.swift; path = Carrier.swift; sourceTree = "<group>"; };
		3FFF14BF2D2D80D400638F2A /* FiltersView.swift */ = {isa = PBXFileReference; lastKnownFileType = sourcecode.swift; path = FiltersView.swift; sourceTree = "<group>"; };
		3FFF14E32D2D8F2200638F2A /* CheckboxStyle.swift */ = {isa = PBXFileReference; lastKnownFileType = sourcecode.swift; path = CheckboxStyle.swift; sourceTree = "<group>"; };
		3FFF155B2D30180E00638F2A /* CarrierInfoView.swift */ = {isa = PBXFileReference; lastKnownFileType = sourcecode.swift; path = CarrierInfoView.swift; sourceTree = "<group>"; };
/* End PBXFileReference section */

/* Begin PBXFrameworksBuildPhase section */
		3F65E7012D021F13007BDEEA /* Frameworks */ = {
			isa = PBXFrameworksBuildPhase;
			buildActionMask = 2147483647;
			files = (
				3F65E72B2D0353DA007BDEEA /* OpenAPIURLSession in Frameworks */,
				3F65E7282D0353CC007BDEEA /* OpenAPIRuntime in Frameworks */,
			);
			runOnlyForDeploymentPostprocessing = 0;
		};
/* End PBXFrameworksBuildPhase section */

/* Begin PBXGroup section */
		3F65E6FB2D021F13007BDEEA = {
			isa = PBXGroup;
			children = (
				3F65E71A2D021F23007BDEEA /* TravelSchedule */,
				3F65E7052D021F13007BDEEA /* Products */,
			);
			sourceTree = "<group>";
		};
		3F65E7052D021F13007BDEEA /* Products */ = {
			isa = PBXGroup;
			children = (
				3F65E7042D021F13007BDEEA /* TravelSchedule.app */,
			);
			name = Products;
			sourceTree = "<group>";
		};
		3F65E7162D021F23007BDEEA /* Preview Content */ = {
			isa = PBXGroup;
			children = (
				3F65E7152D021F23007BDEEA /* Preview Assets.xcassets */,
			);
			path = "Preview Content";
			sourceTree = "<group>";
		};
		3F65E71A2D021F23007BDEEA /* TravelSchedule */ = {
			isa = PBXGroup;
			children = (
				3FFF14E02D2D8F0E00638F2A /* Helpers */,
				3FFF12AA2D29A2CE00638F2A /* Models */,
				3FFA780B2D1DCE62004520FA /* ViewModels */,
				3FFA78082D1DCE5A004520FA /* Views */,
				3F65E76C2D05863B007BDEEA /* Services */,
				3F65E7162D021F23007BDEEA /* Preview Content */,
				3F65E7182D021F23007BDEEA /* ContentView.swift */,
				3F65E7192D021F23007BDEEA /* TravelScheduleApp.swift */,
				3F65658D2D0E9F91001D355E /* Constants.swift */,
				3F65E72F2D035470007BDEEA /* openapi-generator-config.yaml */,
				3F6565292D0D691F001D355E /* openapi.yaml */,
				3F65E7172D021F23007BDEEA /* Assets.xcassets */,
				3FFA77FE2D1DBFC4004520FA /* Info.plist */,
			);
			path = TravelSchedule;
			sourceTree = "<group>";
		};
		3F65E76C2D05863B007BDEEA /* Services */ = {
			isa = PBXGroup;
			children = (
				3F65E76A2D058630007BDEEA /* ThreadStationsService.swift */,
				3F65E7322D0354A7007BDEEA /* NearestStationsService.swift */,
				3F65E7362D04BFAA007BDEEA /* RoutesWithDestinationService.swift */,
				3F65E7592D04DB7D007BDEEA /* RoutesFromService.swift */,
				3F65E77A2D05C290007BDEEA /* NearestSettlementService.swift */,
				3F65651E2D0CAFE4001D355E /* CarrierService.swift */,
				3F6565232D0CB14A001D355E /* StationsListService.swift */,
				3F6565742D0DF497001D355E /* CopyrightService.swift */,
			);
			path = Services;
			sourceTree = "<group>";
		};
		3FFA78082D1DCE5A004520FA /* Views */ = {
			isa = PBXGroup;
			children = (
				3FFA780F2D1DCE9B004520FA /* ScheduleView.swift */,
				3FFA78122D1DCEAD004520FA /* SettingsView.swift */,
				3FFA784D2D2049D2004520FA /* CitiesListView.swift */,
				3FFF128B2D299DAC00638F2A /* StationsListView.swift */,
				3FFA78932D206AD4004520FA /* ListRow.swift */,
				3FFF13C72D2AF58F00638F2A /* CarriersListView.swift */,
				3FFF14562D2C517400638F2A /* CarrierRow.swift */,
				3FFF14BF2D2D80D400638F2A /* FiltersView.swift */,
				3FFF155B2D30180E00638F2A /* CarrierInfoView.swift */,
				3FA915262D303D5E00982A13 /* UserAgreementView.swift */,
				3FA916762D351BAB00982A13 /* AgreementWebView.swift */,
				3FA916812D35776B00982A13 /* ErrorView.swift */,
			);
			path = Views;
			sourceTree = "<group>";
		};
		3FFA780B2D1DCE62004520FA /* ViewModels */ = {
			isa = PBXGroup;
			children = (
				3FA916B42D368EDF00982A13 /* CitiesListViewModel.swift */,
			);
			path = ViewModels;
			sourceTree = "<group>";
		};
		3FFF12AA2D29A2CE00638F2A /* Models */ = {
			isa = PBXGroup;
			children = (
				3FFF12AE2D29A2EE00638F2A /* SearchStore.swift */,
				3FFF145A2D2C53C400638F2A /* Route.swift */,
				3FFF145D2D2C549F00638F2A /* Carrier.swift */,
				3FA916602D350A6E00982A13 /* PathsAndDirections.swift */,
				3FA916622D350AD500982A13 /* DepartureTimesAndTransfer.swift */,
				3FA9169F2D357A8700982A13 /* ErrorType.swift */,
				3FA916AA2D35A0C600982A13 /* City.swift */,
				3FA916AD2D35A10100982A13 /* Station.swift */,
				3FF5CBCB2D383001007E83DF /* LoadStateMachine.swift */,
			);
			path = Models;
			sourceTree = "<group>";
		};
		3FFF14E02D2D8F0E00638F2A /* Helpers */ = {
			isa = PBXGroup;
			children = (
				3FFF14E32D2D8F2200638F2A /* CheckboxStyle.swift */,
				3FFF11F32D298A6000638F2A /* Router.swift */,
			);
			path = Helpers;
			sourceTree = "<group>";
		};
/* End PBXGroup section */

/* Begin PBXNativeTarget section */
		3F65E7032D021F13007BDEEA /* TravelSchedule */ = {
			isa = PBXNativeTarget;
			buildConfigurationList = 3F65E7122D021F14007BDEEA /* Build configuration list for PBXNativeTarget "TravelSchedule" */;
			buildPhases = (
				3F65E7002D021F13007BDEEA /* Sources */,
				3F65E7012D021F13007BDEEA /* Frameworks */,
				3F65E7022D021F13007BDEEA /* Resources */,
			);
			buildRules = (
			);
			dependencies = (
				3F65E72D2D03540B007BDEEA /* PBXTargetDependency */,
			);
			name = TravelSchedule;
			packageProductDependencies = (
				3F65E7272D0353CC007BDEEA /* OpenAPIRuntime */,
				3F65E72A2D0353DA007BDEEA /* OpenAPIURLSession */,
			);
			productName = TravelSchedule;
			productReference = 3F65E7042D021F13007BDEEA /* TravelSchedule.app */;
			productType = "com.apple.product-type.application";
		};
/* End PBXNativeTarget section */

/* Begin PBXProject section */
		3F65E6FC2D021F13007BDEEA /* Project object */ = {
			isa = PBXProject;
			attributes = {
				BuildIndependentTargetsInParallel = 1;
				LastSwiftUpdateCheck = 1610;
				LastUpgradeCheck = 1610;
				TargetAttributes = {
					3F65E7032D021F13007BDEEA = {
						CreatedOnToolsVersion = 16.1;
					};
				};
			};
			buildConfigurationList = 3F65E6FF2D021F13007BDEEA /* Build configuration list for PBXProject "TravelSchedule" */;
			developmentRegion = en;
			hasScannedForEncodings = 0;
			knownRegions = (
				en,
				Base,
			);
			mainGroup = 3F65E6FB2D021F13007BDEEA;
			minimizedProjectReferenceProxies = 1;
			packageReferences = (
				3F65E7212D0353B8007BDEEA /* XCRemoteSwiftPackageReference "swift-openapi-generator" */,
				3F65E7262D0353CC007BDEEA /* XCRemoteSwiftPackageReference "swift-openapi-runtime" */,
				3F65E7292D0353D9007BDEEA /* XCRemoteSwiftPackageReference "swift-openapi-urlsession" */,
			);
			preferredProjectObjectVersion = 77;
			productRefGroup = 3F65E7052D021F13007BDEEA /* Products */;
			projectDirPath = "";
			projectRoot = "";
			targets = (
				3F65E7032D021F13007BDEEA /* TravelSchedule */,
			);
		};
/* End PBXProject section */

/* Begin PBXResourcesBuildPhase section */
		3F65E7022D021F13007BDEEA /* Resources */ = {
			isa = PBXResourcesBuildPhase;
			buildActionMask = 2147483647;
			files = (
				3F65E7302D035470007BDEEA /* openapi-generator-config.yaml in Resources */,
				3F65652A2D0D691F001D355E /* openapi.yaml in Resources */,
				3F65E71B2D021F23007BDEEA /* Preview Assets.xcassets in Resources */,
				3F65E71C2D021F23007BDEEA /* Assets.xcassets in Resources */,
			);
			runOnlyForDeploymentPostprocessing = 0;
		};
/* End PBXResourcesBuildPhase section */

/* Begin PBXSourcesBuildPhase section */
		3F65E7002D021F13007BDEEA /* Sources */ = {
			isa = PBXSourcesBuildPhase;
			buildActionMask = 2147483647;
			files = (
				3F65651F2D0CAFE4001D355E /* CarrierService.swift in Sources */,
				3F65658E2D0E9F91001D355E /* Constants.swift in Sources */,
				3FFF14E42D2D8F2200638F2A /* CheckboxStyle.swift in Sources */,
				3FA915272D303D5E00982A13 /* UserAgreementView.swift in Sources */,
				3F65E77B2D05C290007BDEEA /* NearestSettlementService.swift in Sources */,
				3FA916772D351BAB00982A13 /* AgreementWebView.swift in Sources */,
				3F65E76B2D058630007BDEEA /* ThreadStationsService.swift in Sources */,
				3F65E71D2D021F23007BDEEA /* ContentView.swift in Sources */,
				3FA916612D350A6E00982A13 /* PathsAndDirections.swift in Sources */,
				3FFF12AF2D29A2EE00638F2A /* SearchStore.swift in Sources */,
				3FFA78942D206AD4004520FA /* ListRow.swift in Sources */,
				3FFF155C2D30180E00638F2A /* CarrierInfoView.swift in Sources */,
				3FFA784E2D2049D2004520FA /* CitiesListView.swift in Sources */,
				3FA916A02D357A8700982A13 /* ErrorType.swift in Sources */,
				3FFF14C02D2D80D400638F2A /* FiltersView.swift in Sources */,
				3FFA78102D1DCE9B004520FA /* ScheduleView.swift in Sources */,
				3FFF11F42D298A6000638F2A /* Router.swift in Sources */,
				3FA916B52D368EDF00982A13 /* CitiesListViewModel.swift in Sources */,
				3F6565242D0CB14A001D355E /* StationsListService.swift in Sources */,
				3FA916632D350AD500982A13 /* DepartureTimesAndTransfer.swift in Sources */,
				3FA916AE2D35A10100982A13 /* Station.swift in Sources */,
				3FFF128C2D299DAC00638F2A /* StationsListView.swift in Sources */,
				3FFF145B2D2C53C400638F2A /* Route.swift in Sources */,
				3FFF13C82D2AF58F00638F2A /* CarriersListView.swift in Sources */,
				3FFF145E2D2C549F00638F2A /* Carrier.swift in Sources */,
				3F65E7332D0354A7007BDEEA /* NearestStationsService.swift in Sources */,
				3F65E7372D04BFAA007BDEEA /* RoutesWithDestinationService.swift in Sources */,
				3FFF14572D2C517400638F2A /* CarrierRow.swift in Sources */,
				3FA916822D35776C00982A13 /* ErrorView.swift in Sources */,
				3F65E71E2D021F23007BDEEA /* TravelScheduleApp.swift in Sources */,
				3FF5CBCC2D383001007E83DF /* LoadStateMachine.swift in Sources */,
				3F65E75A2D04DB7D007BDEEA /* RoutesFromService.swift in Sources */,
				3F6565752D0DF497001D355E /* CopyrightService.swift in Sources */,
				3FA916AB2D35A0C600982A13 /* City.swift in Sources */,
				3FFA78132D1DCEAD004520FA /* SettingsView.swift in Sources */,
			);
			runOnlyForDeploymentPostprocessing = 0;
		};
/* End PBXSourcesBuildPhase section */

/* Begin PBXTargetDependency section */
		3F65E72D2D03540B007BDEEA /* PBXTargetDependency */ = {
			isa = PBXTargetDependency;
			productRef = 3F65E72C2D03540B007BDEEA /* OpenAPIGenerator */;
		};
/* End PBXTargetDependency section */

/* Begin XCBuildConfiguration section */
		3F65E7102D021F14007BDEEA /* Debug */ = {
			isa = XCBuildConfiguration;
			buildSettings = {
				ALWAYS_SEARCH_USER_PATHS = NO;
				ASSETCATALOG_COMPILER_GENERATE_SWIFT_ASSET_SYMBOL_EXTENSIONS = YES;
				CLANG_ANALYZER_NONNULL = YES;
				CLANG_ANALYZER_NUMBER_OBJECT_CONVERSION = YES_AGGRESSIVE;
				CLANG_CXX_LANGUAGE_STANDARD = "gnu++20";
				CLANG_ENABLE_MODULES = YES;
				CLANG_ENABLE_OBJC_ARC = YES;
				CLANG_ENABLE_OBJC_WEAK = YES;
				CLANG_WARN_BLOCK_CAPTURE_AUTORELEASING = YES;
				CLANG_WARN_BOOL_CONVERSION = YES;
				CLANG_WARN_COMMA = YES;
				CLANG_WARN_CONSTANT_CONVERSION = YES;
				CLANG_WARN_DEPRECATED_OBJC_IMPLEMENTATIONS = YES;
				CLANG_WARN_DIRECT_OBJC_ISA_USAGE = YES_ERROR;
				CLANG_WARN_DOCUMENTATION_COMMENTS = YES;
				CLANG_WARN_EMPTY_BODY = YES;
				CLANG_WARN_ENUM_CONVERSION = YES;
				CLANG_WARN_INFINITE_RECURSION = YES;
				CLANG_WARN_INT_CONVERSION = YES;
				CLANG_WARN_NON_LITERAL_NULL_CONVERSION = YES;
				CLANG_WARN_OBJC_IMPLICIT_RETAIN_SELF = YES;
				CLANG_WARN_OBJC_LITERAL_CONVERSION = YES;
				CLANG_WARN_OBJC_ROOT_CLASS = YES_ERROR;
				CLANG_WARN_QUOTED_INCLUDE_IN_FRAMEWORK_HEADER = YES;
				CLANG_WARN_RANGE_LOOP_ANALYSIS = YES;
				CLANG_WARN_STRICT_PROTOTYPES = YES;
				CLANG_WARN_SUSPICIOUS_MOVE = YES;
				CLANG_WARN_UNGUARDED_AVAILABILITY = YES_AGGRESSIVE;
				CLANG_WARN_UNREACHABLE_CODE = YES;
				CLANG_WARN__DUPLICATE_METHOD_MATCH = YES;
				COPY_PHASE_STRIP = NO;
				DEBUG_INFORMATION_FORMAT = dwarf;
				ENABLE_STRICT_OBJC_MSGSEND = YES;
				ENABLE_TESTABILITY = YES;
				ENABLE_USER_SCRIPT_SANDBOXING = YES;
				GCC_C_LANGUAGE_STANDARD = gnu17;
				GCC_DYNAMIC_NO_PIC = NO;
				GCC_NO_COMMON_BLOCKS = YES;
				GCC_OPTIMIZATION_LEVEL = 0;
				GCC_PREPROCESSOR_DEFINITIONS = (
					"DEBUG=1",
					"$(inherited)",
				);
				GCC_WARN_64_TO_32_BIT_CONVERSION = YES;
				GCC_WARN_ABOUT_RETURN_TYPE = YES_ERROR;
				GCC_WARN_UNDECLARED_SELECTOR = YES;
				GCC_WARN_UNINITIALIZED_AUTOS = YES_AGGRESSIVE;
				GCC_WARN_UNUSED_FUNCTION = YES;
				GCC_WARN_UNUSED_VARIABLE = YES;
				IPHONEOS_DEPLOYMENT_TARGET = 16.6;
				LOCALIZATION_PREFERS_STRING_CATALOGS = YES;
				MTL_ENABLE_DEBUG_INFO = INCLUDE_SOURCE;
				MTL_FAST_MATH = YES;
				ONLY_ACTIVE_ARCH = YES;
				SDKROOT = iphoneos;
				SWIFT_ACTIVE_COMPILATION_CONDITIONS = "DEBUG $(inherited)";
				SWIFT_OPTIMIZATION_LEVEL = "-Onone";
			};
			name = Debug;
		};
		3F65E7112D021F14007BDEEA /* Release */ = {
			isa = XCBuildConfiguration;
			buildSettings = {
				ALWAYS_SEARCH_USER_PATHS = NO;
				ASSETCATALOG_COMPILER_GENERATE_SWIFT_ASSET_SYMBOL_EXTENSIONS = YES;
				CLANG_ANALYZER_NONNULL = YES;
				CLANG_ANALYZER_NUMBER_OBJECT_CONVERSION = YES_AGGRESSIVE;
				CLANG_CXX_LANGUAGE_STANDARD = "gnu++20";
				CLANG_ENABLE_MODULES = YES;
				CLANG_ENABLE_OBJC_ARC = YES;
				CLANG_ENABLE_OBJC_WEAK = YES;
				CLANG_WARN_BLOCK_CAPTURE_AUTORELEASING = YES;
				CLANG_WARN_BOOL_CONVERSION = YES;
				CLANG_WARN_COMMA = YES;
				CLANG_WARN_CONSTANT_CONVERSION = YES;
				CLANG_WARN_DEPRECATED_OBJC_IMPLEMENTATIONS = YES;
				CLANG_WARN_DIRECT_OBJC_ISA_USAGE = YES_ERROR;
				CLANG_WARN_DOCUMENTATION_COMMENTS = YES;
				CLANG_WARN_EMPTY_BODY = YES;
				CLANG_WARN_ENUM_CONVERSION = YES;
				CLANG_WARN_INFINITE_RECURSION = YES;
				CLANG_WARN_INT_CONVERSION = YES;
				CLANG_WARN_NON_LITERAL_NULL_CONVERSION = YES;
				CLANG_WARN_OBJC_IMPLICIT_RETAIN_SELF = YES;
				CLANG_WARN_OBJC_LITERAL_CONVERSION = YES;
				CLANG_WARN_OBJC_ROOT_CLASS = YES_ERROR;
				CLANG_WARN_QUOTED_INCLUDE_IN_FRAMEWORK_HEADER = YES;
				CLANG_WARN_RANGE_LOOP_ANALYSIS = YES;
				CLANG_WARN_STRICT_PROTOTYPES = YES;
				CLANG_WARN_SUSPICIOUS_MOVE = YES;
				CLANG_WARN_UNGUARDED_AVAILABILITY = YES_AGGRESSIVE;
				CLANG_WARN_UNREACHABLE_CODE = YES;
				CLANG_WARN__DUPLICATE_METHOD_MATCH = YES;
				COPY_PHASE_STRIP = NO;
				DEBUG_INFORMATION_FORMAT = "dwarf-with-dsym";
				ENABLE_NS_ASSERTIONS = NO;
				ENABLE_STRICT_OBJC_MSGSEND = YES;
				ENABLE_USER_SCRIPT_SANDBOXING = YES;
				GCC_C_LANGUAGE_STANDARD = gnu17;
				GCC_NO_COMMON_BLOCKS = YES;
				GCC_WARN_64_TO_32_BIT_CONVERSION = YES;
				GCC_WARN_ABOUT_RETURN_TYPE = YES_ERROR;
				GCC_WARN_UNDECLARED_SELECTOR = YES;
				GCC_WARN_UNINITIALIZED_AUTOS = YES_AGGRESSIVE;
				GCC_WARN_UNUSED_FUNCTION = YES;
				GCC_WARN_UNUSED_VARIABLE = YES;
				IPHONEOS_DEPLOYMENT_TARGET = 16.6;
				LOCALIZATION_PREFERS_STRING_CATALOGS = YES;
				MTL_ENABLE_DEBUG_INFO = NO;
				MTL_FAST_MATH = YES;
				SDKROOT = iphoneos;
				SWIFT_COMPILATION_MODE = wholemodule;
				VALIDATE_PRODUCT = YES;
			};
			name = Release;
		};
		3F65E7132D021F14007BDEEA /* Debug */ = {
			isa = XCBuildConfiguration;
			buildSettings = {
				ASSETCATALOG_COMPILER_APPICON_NAME = AppIcon;
				ASSETCATALOG_COMPILER_GLOBAL_ACCENT_COLOR_NAME = AccentColor;
				CODE_SIGN_STYLE = Automatic;
				CURRENT_PROJECT_VERSION = 1;
				DEVELOPMENT_ASSET_PATHS = "\"TravelSchedule/Preview Content\"";
				DEVELOPMENT_TEAM = CNQ42444ZA;
				ENABLE_PREVIEWS = YES;
				GENERATE_INFOPLIST_FILE = YES;
				INFOPLIST_FILE = TravelSchedule/Info.plist;
				INFOPLIST_KEY_UIApplicationSceneManifest_Generation = YES;
				INFOPLIST_KEY_UIApplicationSupportsIndirectInputEvents = YES;
				INFOPLIST_KEY_UISupportedInterfaceOrientations = UIInterfaceOrientationPortrait;
				INFOPLIST_KEY_UISupportedInterfaceOrientations_iPad = "UIInterfaceOrientationLandscapeLeft UIInterfaceOrientationLandscapeRight UIInterfaceOrientationPortrait UIInterfaceOrientationPortraitUpsideDown";
				IPHONEOS_DEPLOYMENT_TARGET = 16;
				LD_RUNPATH_SEARCH_PATHS = (
					"$(inherited)",
					"@executable_path/Frameworks",
				);
				MARKETING_VERSION = 1.0;
				PRODUCT_BUNDLE_IDENTIFIER = com.dmaximov.practicum.TravelSchedule;
				PRODUCT_NAME = "$(TARGET_NAME)";
				SUPPORTED_PLATFORMS = "iphoneos iphonesimulator";
				SUPPORTS_MACCATALYST = NO;
				SUPPORTS_MAC_DESIGNED_FOR_IPHONE_IPAD = NO;
				SUPPORTS_XR_DESIGNED_FOR_IPHONE_IPAD = NO;
				SWIFT_EMIT_LOC_STRINGS = YES;
				SWIFT_VERSION = 5.0;
				TARGETED_DEVICE_FAMILY = 1;
			};
			name = Debug;
		};
		3F65E7142D021F14007BDEEA /* Release */ = {
			isa = XCBuildConfiguration;
			buildSettings = {
				ASSETCATALOG_COMPILER_APPICON_NAME = AppIcon;
				ASSETCATALOG_COMPILER_GLOBAL_ACCENT_COLOR_NAME = AccentColor;
				CODE_SIGN_STYLE = Automatic;
				CURRENT_PROJECT_VERSION = 1;
				DEVELOPMENT_ASSET_PATHS = "\"TravelSchedule/Preview Content\"";
				DEVELOPMENT_TEAM = CNQ42444ZA;
				ENABLE_PREVIEWS = YES;
				GENERATE_INFOPLIST_FILE = YES;
				INFOPLIST_FILE = TravelSchedule/Info.plist;
				INFOPLIST_KEY_UIApplicationSceneManifest_Generation = YES;
				INFOPLIST_KEY_UIApplicationSupportsIndirectInputEvents = YES;
				INFOPLIST_KEY_UISupportedInterfaceOrientations = UIInterfaceOrientationPortrait;
				INFOPLIST_KEY_UISupportedInterfaceOrientations_iPad = "UIInterfaceOrientationLandscapeLeft UIInterfaceOrientationLandscapeRight UIInterfaceOrientationPortrait UIInterfaceOrientationPortraitUpsideDown";
				IPHONEOS_DEPLOYMENT_TARGET = 16;
				LD_RUNPATH_SEARCH_PATHS = (
					"$(inherited)",
					"@executable_path/Frameworks",
				);
				MARKETING_VERSION = 1.0;
				PRODUCT_BUNDLE_IDENTIFIER = com.dmaximov.practicum.TravelSchedule;
				PRODUCT_NAME = "$(TARGET_NAME)";
				SUPPORTED_PLATFORMS = "iphoneos iphonesimulator";
				SUPPORTS_MACCATALYST = NO;
				SUPPORTS_MAC_DESIGNED_FOR_IPHONE_IPAD = NO;
				SUPPORTS_XR_DESIGNED_FOR_IPHONE_IPAD = NO;
				SWIFT_EMIT_LOC_STRINGS = YES;
				SWIFT_VERSION = 5.0;
				TARGETED_DEVICE_FAMILY = 1;
			};
			name = Release;
		};
/* End XCBuildConfiguration section */

/* Begin XCConfigurationList section */
		3F65E6FF2D021F13007BDEEA /* Build configuration list for PBXProject "TravelSchedule" */ = {
			isa = XCConfigurationList;
			buildConfigurations = (
				3F65E7102D021F14007BDEEA /* Debug */,
				3F65E7112D021F14007BDEEA /* Release */,
			);
			defaultConfigurationIsVisible = 0;
			defaultConfigurationName = Release;
		};
		3F65E7122D021F14007BDEEA /* Build configuration list for PBXNativeTarget "TravelSchedule" */ = {
			isa = XCConfigurationList;
			buildConfigurations = (
				3F65E7132D021F14007BDEEA /* Debug */,
				3F65E7142D021F14007BDEEA /* Release */,
			);
			defaultConfigurationIsVisible = 0;
			defaultConfigurationName = Release;
		};
/* End XCConfigurationList section */

/* Begin XCRemoteSwiftPackageReference section */
		3F65E7212D0353B8007BDEEA /* XCRemoteSwiftPackageReference "swift-openapi-generator" */ = {
			isa = XCRemoteSwiftPackageReference;
			repositoryURL = "https://github.com/apple/swift-openapi-generator";
			requirement = {
				kind = upToNextMajorVersion;
				minimumVersion = 1.5.0;
			};
		};
		3F65E7262D0353CC007BDEEA /* XCRemoteSwiftPackageReference "swift-openapi-runtime" */ = {
			isa = XCRemoteSwiftPackageReference;
			repositoryURL = "https://github.com/apple/swift-openapi-runtime";
			requirement = {
				kind = upToNextMajorVersion;
				minimumVersion = 1.7.0;
			};
		};
		3F65E7292D0353D9007BDEEA /* XCRemoteSwiftPackageReference "swift-openapi-urlsession" */ = {
			isa = XCRemoteSwiftPackageReference;
			repositoryURL = "https://github.com/apple/swift-openapi-urlsession";
			requirement = {
				kind = upToNextMajorVersion;
				minimumVersion = 1.0.2;
			};
		};
/* End XCRemoteSwiftPackageReference section */

/* Begin XCSwiftPackageProductDependency section */
		3F65E7272D0353CC007BDEEA /* OpenAPIRuntime */ = {
			isa = XCSwiftPackageProductDependency;
			package = 3F65E7262D0353CC007BDEEA /* XCRemoteSwiftPackageReference "swift-openapi-runtime" */;
			productName = OpenAPIRuntime;
		};
		3F65E72A2D0353DA007BDEEA /* OpenAPIURLSession */ = {
			isa = XCSwiftPackageProductDependency;
			package = 3F65E7292D0353D9007BDEEA /* XCRemoteSwiftPackageReference "swift-openapi-urlsession" */;
			productName = OpenAPIURLSession;
		};
		3F65E72C2D03540B007BDEEA /* OpenAPIGenerator */ = {
			isa = XCSwiftPackageProductDependency;
			package = 3F65E7212D0353B8007BDEEA /* XCRemoteSwiftPackageReference "swift-openapi-generator" */;
			productName = "plugin:OpenAPIGenerator";
		};
/* End XCSwiftPackageProductDependency section */
	};
	rootObject = 3F65E6FC2D021F13007BDEEA /* Project object */;
}
